
Microsoft Visual Studio Solution File, Format Version 12.00
# Visual Studio Version 17
VisualStudioVersion = 17.8.34316.72
MinimumVisualStudioVersion = 10.0.40219.1
Project("{9A19103F-16F7-4668-BE54-9A1E7A4F7556}") = "DockerizedWebApiAndDB", "DockerizedWebApiAndDB\DockerizedWebApiAndDB.csproj", "{A7C01D09-79E6-4273-885E-0F38C0392062}"
EndProject
Project("{2150E333-8FDC-42A3-9474-1A3956D46DE8}") = "Database", "Database", "{8390929D-8C31-439E-B8FA-97FA58128CF8}"
	ProjectSection(SolutionItems) = preProject
		Db.sql = Db.sql
	EndProjectSection
EndProject
Global
	GlobalSection(SolutionConfigurationPlatforms) = preSolution
		Debug|Any CPU = Debug|Any CPU
		Release|Any CPU = Release|Any CPU
	EndGlobalSection
	GlobalSection(ProjectConfigurationPlatforms) = postSolution
		{A7C01D09-79E6-4273-885E-0F38C0392062}.Debug|Any CPU.ActiveCfg = Debug|Any CPU
		{A7C01D09-79E6-4273-885E-0F38C0392062}.Debug|Any CPU.Build.0 = Debug|Any CPU
		{A7C01D09-79E6-4273-885E-0F38C0392062}.Release|Any CPU.ActiveCfg = Release|Any CPU
		{A7C01D09-79E6-4273-885E-0F38C0392062}.Release|Any CPU.Build.0 = Release|Any CPU
	EndGlobalSection
	GlobalSection(SolutionProperties) = preSolution
		HideSolutionNode = FALSE
	EndGlobalSection
	GlobalSection(ExtensibilityGlobals) = postSolution
		SolutionGuid = {74E40694-C807-4A51-8EEA-CE542D2E956E}
	EndGlobalSection
EndGlobal
